
Microsoft Visual Studio Solution File, Format Version 12.00
# Visual Studio Version 17
VisualStudioVersion = 17.10.35122.118
MinimumVisualStudioVersion = 10.0.40219.1
Project("{FAE04EC0-301F-11D3-BF4B-00C04F79EFBC}") = "WebAppTest2", "WebAppTest2\WebAppTest2.csproj", "{BA425692-3964-4C78-AF34-33D291C8A8AA}"
EndProject
Global
	GlobalSection(SolutionConfigurationPlatforms) = preSolution
		Debug|Any CPU = Debug|Any CPU
		Release|Any CPU = Release|Any CPU
	EndGlobalSection
	GlobalSection(ProjectConfigurationPlatforms) = postSolution
		{BA425692-3964-4C78-AF34-33D291C8A8AA}.Debug|Any CPU.ActiveCfg = Debug|Any CPU
		{BA425692-3964-4C78-AF34-33D291C8A8AA}.Debug|Any CPU.Build.0 = Debug|Any CPU
		{BA425692-3964-4C78-AF34-33D291C8A8AA}.Release|Any CPU.ActiveCfg = Release|Any CPU
		{BA425692-3964-4C78-AF34-33D291C8A8AA}.Release|Any CPU.Build.0 = Release|Any CPU
	EndGlobalSection
	GlobalSection(SolutionProperties) = preSolution
		HideSolutionNode = FALSE
	EndGlobalSection
	GlobalSection(ExtensibilityGlobals) = postSolution
		SolutionGuid = {065A6BC2-ECA0-48EA-A56A-72C8FD231CB5}
	EndGlobalSection
EndGlobal
